
Microsoft Visual Studio Solution File, Format Version 12.00
# Visual Studio Version 17
VisualStudioVersion = 17.3.32922.545
MinimumVisualStudioVersion = 10.0.40219.1
Project("{FAE04EC0-301F-11D3-BF4B-00C04F79EFBC}") = "PickACardUI", "PickACardUI.csproj", "{AC0743AF-28DB-4D7E-AF77-8136F32CE6AB}"
EndProject
Global
	GlobalSection(SolutionConfigurationPlatforms) = preSolution
		Debug|Any CPU = Debug|Any CPU
		Release|Any CPU = Release|Any CPU
	EndGlobalSection
	GlobalSection(ProjectConfigurationPlatforms) = postSolution
		{AC0743AF-28DB-4D7E-AF77-8136F32CE6AB}.Debug|Any CPU.ActiveCfg = Debug|Any CPU
		{AC0743AF-28DB-4D7E-AF77-8136F32CE6AB}.Debug|Any CPU.Build.0 = Debug|Any CPU
		{AC0743AF-28DB-4D7E-AF77-8136F32CE6AB}.Release|Any CPU.ActiveCfg = Release|Any CPU
		{AC0743AF-28DB-4D7E-AF77-8136F32CE6AB}.Release|Any CPU.Build.0 = Release|Any CPU
	EndGlobalSection
	GlobalSection(SolutionProperties) = preSolution
		HideSolutionNode = FALSE
	EndGlobalSection
	GlobalSection(ExtensibilityGlobals) = postSolution
		SolutionGuid = {68F7866B-27D5-4E17-BF3B-F31FEA85E14F}
	EndGlobalSection
EndGlobal
